
Microsoft Visual Studio Solution File, Format Version 12.00
# Visual Studio Version 17
VisualStudioVersion = 17.8.34525.116
MinimumVisualStudioVersion = 10.0.40219.1
Project("{9A19103F-16F7-4668-BE54-9A1E7A4F7556}") = "VitHealth.Entities", "VitHealth.Entities\VitHealth.Entities.csproj", "{6B9AACA6-8472-4C98-9DAC-A4FB38F237D3}"
EndProject
Project("{9A19103F-16F7-4668-BE54-9A1E7A4F7556}") = "VitHealth.DAL", "VitHealth.DAL\VitHealth.DAL.csproj", "{D1825EEE-65D9-4B74-89AC-51174274629D}"
EndProject
Project("{9A19103F-16F7-4668-BE54-9A1E7A4F7556}") = "VitHealth.BL", "VitHealth.BL\VitHealth.BL.csproj", "{7FD97624-BBF7-4A4D-A8AC-2118DFC0D5EB}"
EndProject
Global
	GlobalSection(SolutionConfigurationPlatforms) = preSolution
		Debug|Any CPU = Debug|Any CPU
		Release|Any CPU = Release|Any CPU
	EndGlobalSection
	GlobalSection(ProjectConfigurationPlatforms) = postSolution
		{6B9AACA6-8472-4C98-9DAC-A4FB38F237D3}.Debug|Any CPU.ActiveCfg = Debug|Any CPU
		{6B9AACA6-8472-4C98-9DAC-A4FB38F237D3}.Debug|Any CPU.Build.0 = Debug|Any CPU
		{6B9AACA6-8472-4C98-9DAC-A4FB38F237D3}.Release|Any CPU.ActiveCfg = Release|Any CPU
		{6B9AACA6-8472-4C98-9DAC-A4FB38F237D3}.Release|Any CPU.Build.0 = Release|Any CPU
		{D1825EEE-65D9-4B74-89AC-51174274629D}.Debug|Any CPU.ActiveCfg = Debug|Any CPU
		{D1825EEE-65D9-4B74-89AC-51174274629D}.Debug|Any CPU.Build.0 = Debug|Any CPU
		{D1825EEE-65D9-4B74-89AC-51174274629D}.Release|Any CPU.ActiveCfg = Release|Any CPU
		{D1825EEE-65D9-4B74-89AC-51174274629D}.Release|Any CPU.Build.0 = Release|Any CPU
		{7FD97624-BBF7-4A4D-A8AC-2118DFC0D5EB}.Debug|Any CPU.ActiveCfg = Debug|Any CPU
		{7FD97624-BBF7-4A4D-A8AC-2118DFC0D5EB}.Debug|Any CPU.Build.0 = Debug|Any CPU
		{7FD97624-BBF7-4A4D-A8AC-2118DFC0D5EB}.Release|Any CPU.ActiveCfg = Release|Any CPU
		{7FD97624-BBF7-4A4D-A8AC-2118DFC0D5EB}.Release|Any CPU.Build.0 = Release|Any CPU
	EndGlobalSection
	GlobalSection(SolutionProperties) = preSolution
		HideSolutionNode = FALSE
	EndGlobalSection
	GlobalSection(ExtensibilityGlobals) = postSolution
		SolutionGuid = {93F5C1C1-E23A-434E-AA6F-00427F48EDBA}
	EndGlobalSection
EndGlobal
